
Microsoft Visual Studio Solution File, Format Version 12.00
# Visual Studio Version 17
VisualStudioVersion = 17.14.36414.22
MinimumVisualStudioVersion = 10.0.40219.1
Project("{FAE04EC0-301F-11D3-BF4B-00C04F79EFBC}") = "EventDispatcher", "EventDispatcher\EventDispatcher.csproj", "{64DF99B0-853A-03BD-503B-601DCBD2239D}"
EndProject
Global
	GlobalSection(SolutionConfigurationPlatforms) = preSolution
		Debug|Any CPU = Debug|Any CPU
		Release|Any CPU = Release|Any CPU
	EndGlobalSection
	GlobalSection(ProjectConfigurationPlatforms) = postSolution
		{64DF99B0-853A-03BD-503B-601DCBD2239D}.Debug|Any CPU.ActiveCfg = Debug|Any CPU
		{64DF99B0-853A-03BD-503B-601DCBD2239D}.Debug|Any CPU.Build.0 = Debug|Any CPU
		{64DF99B0-853A-03BD-503B-601DCBD2239D}.Release|Any CPU.ActiveCfg = Release|Any CPU
		{64DF99B0-853A-03BD-503B-601DCBD2239D}.Release|Any CPU.Build.0 = Release|Any CPU
	EndGlobalSection
	GlobalSection(SolutionProperties) = preSolution
		HideSolutionNode = FALSE
	EndGlobalSection
	GlobalSection(ExtensibilityGlobals) = postSolution
		SolutionGuid = {D7961256-C56B-451B-B11A-EFCBAE4EC115}
	EndGlobalSection
EndGlobal
